<?xml version="1.0" encoding="utf-8"?>
<Project ToolsVersion="4.0" xmlns="http://schemas.microsoft.com/developer/msbuild/2003">
  <ItemGroup>
    <Filter Include="Source Files">
      <UniqueIdentifier>{6b949536-f21d-4c2c-bd9a-84b6a0455a08}</UniqueIdentifier>
      <Extensions>cpp;c;cxx;rc;def;r;odl;idl;hpj;bat</Extensions>
    </Filter>
    <Filter Include="Header Files">
      <UniqueIdentifier>{99f34930-b657-4537-9c23-8fdea5cc4519}</UniqueIdentifier>
      <Extensions>h;hpp;hxx;hm;inl</Extensions>
    </Filter>
  </ItemGroup>
  <ItemGroup>
    <ClCompile Include="break.c">
      <Filter>Source Files</Filter>
    </ClCompile>
    <ClCompile Include="cmd.c">
      <Filter>Source Files</Filter>
    </ClCompile>
    <ClCompile Include="..\..\support\util\NewAlloc.c">
      <Filter>Source Files</Filter>
    </ClCompile>
    <ClCompile Include="..\..\src\SDCCerr.c">
      <Filter>Source Files</Filter>
    </ClCompile>
    <ClCompile Include="..\..\src\SDCChasht.c">
      <Filter>Source Files</Filter>
    </ClCompile>
    <ClCompile Include="..\..\src\SDCCset.c">
      <Filter>Source Files</Filter>
    </ClCompile>
    <ClCompile Include="sdcdb.c">
      <Filter>Source Files</Filter>
    </ClCompile>
    <ClCompile Include="simi.c">
      <Filter>Source Files</Filter>
    </ClCompile>
    <ClCompile Include="symtab.c">
      <Filter>Source Files</Filter>
    </ClCompile>
  </ItemGroup>
  <ItemGroup>
    <ClInclude Include="break.h">
      <Filter>Header Files</Filter>
    </ClInclude>
    <ClInclude Include="cmd.h">
      <Filter>Header Files</Filter>
    </ClInclude>
    <ClInclude Include="..\..\support\util\newalloc.h">
      <Filter>Header Files</Filter>
    </ClInclude>
    <ClInclude Include="..\..\src\SDCCerr.h">
      <Filter>Header Files</Filter>
    </ClInclude>
    <ClInclude Include="..\..\src\SDCChasht.h">
      <Filter>Header Files</Filter>
    </ClInclude>
    <ClInclude Include="..\..\src\SDCCset.h">
      <Filter>Header Files</Filter>
    </ClInclude>
    <ClInclude Include="sdcdb.h">
      <Filter>Header Files</Filter>
    </ClInclude>
    <ClInclude Include="simi.h">
      <Filter>Header Files</Filter>
    </ClInclude>
    <ClInclude Include="symtab.h">
      <Filter>Header Files</Filter>
    </ClInclude>
  </ItemGroup>
</Project>