<?xml version="1.0" encoding="utf-8"?>
<Project ToolsVersion="4.0" xmlns="http://schemas.microsoft.com/developer/msbuild/2003">
  <ItemGroup>
    <ClCompile Include="..\src\jsoncpp.cpp">
      <Filter>Source</Filter>
    </ClCompile>
    <ClCompile Include="..\src\dskgen.cc">
      <Filter>Source</Filter>
    </ClCompile>
    <ClCompile Include="..\src\Dsk.cc">
      <Filter>Source</Filter>
    </ClCompile>
    <ClCompile Include="..\src\Types.cc">
      <Filter>Source</Filter>
    </ClCompile>
  </ItemGroup>
  <ItemGroup>
    <ClInclude Include="..\include\ezOptionParser.hpp">
      <Filter>Includes</Filter>
    </ClInclude>
    <ClInclude Include="..\include\json\json.h">
      <Filter>Includes\json</Filter>
    </ClInclude>
    <ClInclude Include="..\include\json\json-forwards.h">
      <Filter>Includes\json</Filter>
    </ClInclude>
    <ClInclude Include="..\include\dskgen.hpp">
      <Filter>Includes</Filter>
    </ClInclude>
    <ClInclude Include="..\include\Dsk.hpp">
      <Filter>Includes</Filter>
    </ClInclude>
    <ClInclude Include="..\include\FileToProcess.hpp">
      <Filter>Includes</Filter>
    </ClInclude>
    <ClInclude Include="..\include\Options.hpp">
      <Filter>Includes</Filter>
    </ClInclude>
    <ClInclude Include="..\include\Types.hpp">
      <Filter>Includes</Filter>
    </ClInclude>
  </ItemGroup>
  <ItemGroup>
    <None Include="..\LICENSE" />
    <None Include="..\README.md" />
  </ItemGroup>
  <ItemGroup>
    <Filter Include="Includes">
      <UniqueIdentifier>{ccfc41e1-c3e0-4e24-9eda-05ce92c28032}</UniqueIdentifier>
    </Filter>
    <Filter Include="Source">
      <UniqueIdentifier>{4dc4e535-db95-4a2f-9500-0e3f74869058}</UniqueIdentifier>
    </Filter>
    <Filter Include="Bin">
      <UniqueIdentifier>{344638a0-6eb8-4b6d-86d2-17e26219ac15}</UniqueIdentifier>
    </Filter>
    <Filter Include="Bin\x64">
      <UniqueIdentifier>{7d8f0a26-0a55-486c-a456-6d8d929aec84}</UniqueIdentifier>
    </Filter>
    <Filter Include="Bin\x86">
      <UniqueIdentifier>{fe489185-18f2-45cf-a116-885d3773c69b}</UniqueIdentifier>
    </Filter>
    <Filter Include="Includes\json">
      <UniqueIdentifier>{a139afa4-04d9-4887-afda-cfdcc34ad97a}</UniqueIdentifier>
    </Filter>
  </ItemGroup>
</Project>