
Microsoft Visual Studio Solution File, Format Version 11.00
# Visual C++ Express 2010
Project("{8BC9CEB8-8B4A-11D0-8D11-00A0C91BC942}") = "all", "all.vcxproj", "{5339F39B-0A44-4248-972C-F8833B0F5537}"
	ProjectSection(ProjectDependencies) = postProject
		{13410A29-B3A6-4F10-8345-39D5293F3D9A} = {13410A29-B3A6-4F10-8345-39D5293F3D9A}
		{B823D5B9-6B5A-4CC8-AF07-DDFE8C8E3488} = {B823D5B9-6B5A-4CC8-AF07-DDFE8C8E3488}
		{F47A26F0-2D57-4A1F-86CF-6E3F82D3E877} = {F47A26F0-2D57-4A1F-86CF-6E3F82D3E877}
	EndProjectSection
EndProject
Project("{8BC9CEB8-8B4A-11D0-8D11-00A0C91BC942}") = "sdas6808", "sdas\as6808\as_hc08.vcxproj", "{C81F84D7-F847-4100-969F-0791A95D2E4C}"
	ProjectSection(ProjectDependencies) = postProject
		{2F87BA6F-8EE1-48D0-9817-6BA30BDDB3C1} = {2F87BA6F-8EE1-48D0-9817-6BA30BDDB3C1}
	EndProjectSection
EndProject
Project("{8BC9CEB8-8B4A-11D0-8D11-00A0C91BC942}") = "sdasz80", "sdas\asz80\as_z80.vcxproj", "{A281C655-04B3-4F24-B0C4-E61567D60B5B}"
EndProject
Project("{8BC9CEB8-8B4A-11D0-8D11-00A0C91BC942}") = "sdasgb", "sdas\asgb\asgb.vcxproj", "{37192EEF-C964-4598-A8BD-4395DF7EF5BF}"
	ProjectSection(ProjectDependencies) = postProject
		{2F87BA6F-8EE1-48D0-9817-6BA30BDDB3C1} = {2F87BA6F-8EE1-48D0-9817-6BA30BDDB3C1}
	EndProjectSection
EndProject
Project("{8BC9CEB8-8B4A-11D0-8D11-00A0C91BC942}") = "sdld", "sdas\linksrc\aslink.vcxproj", "{6E94DB45-345E-4697-98DA-6C72237D6ECA}"
EndProject
Project("{8BC9CEB8-8B4A-11D0-8D11-00A0C91BC942}") = "sdas8051", "sdas\as8051\asx8051.vcxproj", "{C14982C0-731B-46A0-9DD2-845E3811CF18}"
	ProjectSection(ProjectDependencies) = postProject
		{2F87BA6F-8EE1-48D0-9817-6BA30BDDB3C1} = {2F87BA6F-8EE1-48D0-9817-6BA30BDDB3C1}
	EndProjectSection
EndProject
Project("{8BC9CEB8-8B4A-11D0-8D11-00A0C91BC942}") = "config", "config.vcxproj", "{2F87BA6F-8EE1-48D0-9817-6BA30BDDB3C1}"
EndProject
Project("{8BC9CEB8-8B4A-11D0-8D11-00A0C91BC942}") = "ds390", "src\ds390\ds390.vcxproj", "{14A8A991-BAD6-49EB-84FB-6F6CF12B436D}"
EndProject
Project("{8BC9CEB8-8B4A-11D0-8D11-00A0C91BC942}") = "hc08", "src\hc08\hc08.vcxproj", "{6FA87476-0FAB-4518-9845-12EFEBBCE03F}"
	ProjectSection(ProjectDependencies) = postProject
		{2F87BA6F-8EE1-48D0-9817-6BA30BDDB3C1} = {2F87BA6F-8EE1-48D0-9817-6BA30BDDB3C1}
	EndProjectSection
EndProject
Project("{8BC9CEB8-8B4A-11D0-8D11-00A0C91BC942}") = "librarian", "support\librarian\librarian.vcxproj", "{FC989BCF-4AAD-4F53-8A21-3D6FF8F2F0B5}"
EndProject
Project("{8BC9CEB8-8B4A-11D0-8D11-00A0C91BC942}") = "makebin", "support\makebin\makebin.vcxproj", "{B823D5B9-6B5A-4CC8-AF07-DDFE8C8E3488}"
EndProject
Project("{8BC9CEB8-8B4A-11D0-8D11-00A0C91BC942}") = "mcs51", "src\mcs51\mcs51.vcxproj", "{9FACDB81-BE66-42D0-95F5-EA2FA3B09065}"
EndProject
Project("{8BC9CEB8-8B4A-11D0-8D11-00A0C91BC942}") = "packihx", "support\packihx\packihx.vcxproj", "{437B836F-BEE5-43B8-9821-4B0E5E328575}"
EndProject
Project("{8BC9CEB8-8B4A-11D0-8D11-00A0C91BC942}") = "pic16", "src\pic16\pic16.vcxproj", "{7E09A25E-1C9D-438D-85DB-8535F134890D}"
	ProjectSection(ProjectDependencies) = postProject
		{2F87BA6F-8EE1-48D0-9817-6BA30BDDB3C1} = {2F87BA6F-8EE1-48D0-9817-6BA30BDDB3C1}
	EndProjectSection
EndProject
Project("{8BC9CEB8-8B4A-11D0-8D11-00A0C91BC942}") = "sdcpp", "support\cpp\sdcpp.vcxproj", "{57BCB0F8-EF4A-4688-9B36-55A8F6DC93BF}"
EndProject
Project("{8BC9CEB8-8B4A-11D0-8D11-00A0C91BC942}") = "sdcc", "src\sdcc.vcxproj", "{F9485499-151B-4886-935C-7D687C4A0549}"
	ProjectSection(ProjectDependencies) = postProject
		{0BA12B9F-BCD6-4C08-9992-69B4FB32D335} = {0BA12B9F-BCD6-4C08-9992-69B4FB32D335}
	EndProjectSection
EndProject
Project("{8BC9CEB8-8B4A-11D0-8D11-00A0C91BC942}") = "z80", "src\z80\z80.vcxproj", "{7444A72F-C7C6-4F90-9A62-2D46240B52DB}"
EndProject
Project("{8BC9CEB8-8B4A-11D0-8D11-00A0C91BC942}") = "pic14", "src\pic14\pic14.vcxproj", "{B96E942E-39F5-4C7C-97FD-A095DE6847C6}"
	ProjectSection(ProjectDependencies) = postProject
		{2F87BA6F-8EE1-48D0-9817-6BA30BDDB3C1} = {2F87BA6F-8EE1-48D0-9817-6BA30BDDB3C1}
	EndProjectSection
EndProject
Project("{8BC9CEB8-8B4A-11D0-8D11-00A0C91BC942}") = "sdcdb", "debugger\mcs51\sdcdb.vcxproj", "{76B78C5A-6B31-4BA1-9226-F1409B48F839}"
	ProjectSection(ProjectDependencies) = postProject
		{2F87BA6F-8EE1-48D0-9817-6BA30BDDB3C1} = {2F87BA6F-8EE1-48D0-9817-6BA30BDDB3C1}
	EndProjectSection
EndProject
Project("{8BC9CEB8-8B4A-11D0-8D11-00A0C91BC942}") = "sdasrab", "sdas\asrab\asrab.vcxproj", "{F47A26F0-2D57-4A1F-86CF-6E3F82D3E877}"
	ProjectSection(ProjectDependencies) = postProject
		{2F87BA6F-8EE1-48D0-9817-6BA30BDDB3C1} = {2F87BA6F-8EE1-48D0-9817-6BA30BDDB3C1}
	EndProjectSection
EndProject
Project("{8BC9CEB8-8B4A-11D0-8D11-00A0C91BC942}") = "sdas390", "sdas\as8xcxxx\sdas390.vcxproj", "{13410A29-B3A6-4F10-8345-39D5293F3D9A}"
	ProjectSection(ProjectDependencies) = postProject
		{2F87BA6F-8EE1-48D0-9817-6BA30BDDB3C1} = {2F87BA6F-8EE1-48D0-9817-6BA30BDDB3C1}
	EndProjectSection
EndProject
Project("{8BC9CEB8-8B4A-11D0-8D11-00A0C91BC942}") = "stm8", "src\stm8\stm8.vcxproj", "{0BA12B9F-BCD6-4C08-9992-69B4FB32D335}"
	ProjectSection(ProjectDependencies) = postProject
		{2F87BA6F-8EE1-48D0-9817-6BA30BDDB3C1} = {2F87BA6F-8EE1-48D0-9817-6BA30BDDB3C1}
	EndProjectSection
EndProject
Project("{8BC9CEB8-8B4A-11D0-8D11-00A0C91BC942}") = "sdasstm8", "sdas\asstm8\sdasstm8.vcxproj", "{BB1E28DD-A6B6-4C51-BA0E-CCFE0E10523D}"
EndProject
Global
	GlobalSection(SolutionConfigurationPlatforms) = preSolution
		Debug|Win32 = Debug|Win32
		Release|Win32 = Release|Win32
	EndGlobalSection
	GlobalSection(ProjectConfigurationPlatforms) = postSolution
		{5339F39B-0A44-4248-972C-F8833B0F5537}.Debug|Win32.ActiveCfg = Debug|Win32
		{5339F39B-0A44-4248-972C-F8833B0F5537}.Debug|Win32.Build.0 = Debug|Win32
		{5339F39B-0A44-4248-972C-F8833B0F5537}.Release|Win32.ActiveCfg = Release|Win32
		{5339F39B-0A44-4248-972C-F8833B0F5537}.Release|Win32.Build.0 = Release|Win32
		{C81F84D7-F847-4100-969F-0791A95D2E4C}.Debug|Win32.ActiveCfg = Debug|Win32
		{C81F84D7-F847-4100-969F-0791A95D2E4C}.Debug|Win32.Build.0 = Debug|Win32
		{C81F84D7-F847-4100-969F-0791A95D2E4C}.Release|Win32.ActiveCfg = Release|Win32
		{C81F84D7-F847-4100-969F-0791A95D2E4C}.Release|Win32.Build.0 = Release|Win32
		{A281C655-04B3-4F24-B0C4-E61567D60B5B}.Debug|Win32.ActiveCfg = Debug|Win32
		{A281C655-04B3-4F24-B0C4-E61567D60B5B}.Debug|Win32.Build.0 = Debug|Win32
		{A281C655-04B3-4F24-B0C4-E61567D60B5B}.Release|Win32.ActiveCfg = Release|Win32
		{A281C655-04B3-4F24-B0C4-E61567D60B5B}.Release|Win32.Build.0 = Release|Win32
		{37192EEF-C964-4598-A8BD-4395DF7EF5BF}.Debug|Win32.ActiveCfg = Debug|Win32
		{37192EEF-C964-4598-A8BD-4395DF7EF5BF}.Debug|Win32.Build.0 = Debug|Win32
		{37192EEF-C964-4598-A8BD-4395DF7EF5BF}.Release|Win32.ActiveCfg = Release|Win32
		{37192EEF-C964-4598-A8BD-4395DF7EF5BF}.Release|Win32.Build.0 = Release|Win32
		{6E94DB45-345E-4697-98DA-6C72237D6ECA}.Debug|Win32.ActiveCfg = Debug|Win32
		{6E94DB45-345E-4697-98DA-6C72237D6ECA}.Debug|Win32.Build.0 = Debug|Win32
		{6E94DB45-345E-4697-98DA-6C72237D6ECA}.Release|Win32.ActiveCfg = Release|Win32
		{6E94DB45-345E-4697-98DA-6C72237D6ECA}.Release|Win32.Build.0 = Release|Win32
		{C14982C0-731B-46A0-9DD2-845E3811CF18}.Debug|Win32.ActiveCfg = Debug|Win32
		{C14982C0-731B-46A0-9DD2-845E3811CF18}.Debug|Win32.Build.0 = Debug|Win32
		{C14982C0-731B-46A0-9DD2-845E3811CF18}.Release|Win32.ActiveCfg = Release|Win32
		{C14982C0-731B-46A0-9DD2-845E3811CF18}.Release|Win32.Build.0 = Release|Win32
		{2F87BA6F-8EE1-48D0-9817-6BA30BDDB3C1}.Debug|Win32.ActiveCfg = Debug|Win32
		{2F87BA6F-8EE1-48D0-9817-6BA30BDDB3C1}.Debug|Win32.Build.0 = Debug|Win32
		{2F87BA6F-8EE1-48D0-9817-6BA30BDDB3C1}.Release|Win32.ActiveCfg = Release|Win32
		{2F87BA6F-8EE1-48D0-9817-6BA30BDDB3C1}.Release|Win32.Build.0 = Release|Win32
		{14A8A991-BAD6-49EB-84FB-6F6CF12B436D}.Debug|Win32.ActiveCfg = Debug|Win32
		{14A8A991-BAD6-49EB-84FB-6F6CF12B436D}.Debug|Win32.Build.0 = Debug|Win32
		{14A8A991-BAD6-49EB-84FB-6F6CF12B436D}.Release|Win32.ActiveCfg = Release|Win32
		{14A8A991-BAD6-49EB-84FB-6F6CF12B436D}.Release|Win32.Build.0 = Release|Win32
		{6FA87476-0FAB-4518-9845-12EFEBBCE03F}.Debug|Win32.ActiveCfg = Debug|Win32
		{6FA87476-0FAB-4518-9845-12EFEBBCE03F}.Debug|Win32.Build.0 = Debug|Win32
		{6FA87476-0FAB-4518-9845-12EFEBBCE03F}.Release|Win32.ActiveCfg = Release|Win32
		{6FA87476-0FAB-4518-9845-12EFEBBCE03F}.Release|Win32.Build.0 = Release|Win32
		{FC989BCF-4AAD-4F53-8A21-3D6FF8F2F0B5}.Debug|Win32.ActiveCfg = Debug|Win32
		{FC989BCF-4AAD-4F53-8A21-3D6FF8F2F0B5}.Debug|Win32.Build.0 = Debug|Win32
		{FC989BCF-4AAD-4F53-8A21-3D6FF8F2F0B5}.Release|Win32.ActiveCfg = Release|Win32
		{FC989BCF-4AAD-4F53-8A21-3D6FF8F2F0B5}.Release|Win32.Build.0 = Release|Win32
		{B823D5B9-6B5A-4CC8-AF07-DDFE8C8E3488}.Debug|Win32.ActiveCfg = Debug|Win32
		{B823D5B9-6B5A-4CC8-AF07-DDFE8C8E3488}.Debug|Win32.Build.0 = Debug|Win32
		{B823D5B9-6B5A-4CC8-AF07-DDFE8C8E3488}.Release|Win32.ActiveCfg = Release|Win32
		{B823D5B9-6B5A-4CC8-AF07-DDFE8C8E3488}.Release|Win32.Build.0 = Release|Win32
		{9FACDB81-BE66-42D0-95F5-EA2FA3B09065}.Debug|Win32.ActiveCfg = Debug|Win32
		{9FACDB81-BE66-42D0-95F5-EA2FA3B09065}.Debug|Win32.Build.0 = Debug|Win32
		{9FACDB81-BE66-42D0-95F5-EA2FA3B09065}.Release|Win32.ActiveCfg = Release|Win32
		{9FACDB81-BE66-42D0-95F5-EA2FA3B09065}.Release|Win32.Build.0 = Release|Win32
		{437B836F-BEE5-43B8-9821-4B0E5E328575}.Debug|Win32.ActiveCfg = Debug|Win32
		{437B836F-BEE5-43B8-9821-4B0E5E328575}.Debug|Win32.Build.0 = Debug|Win32
		{437B836F-BEE5-43B8-9821-4B0E5E328575}.Release|Win32.ActiveCfg = Release|Win32
		{437B836F-BEE5-43B8-9821-4B0E5E328575}.Release|Win32.Build.0 = Release|Win32
		{7E09A25E-1C9D-438D-85DB-8535F134890D}.Debug|Win32.ActiveCfg = Debug|Win32
		{7E09A25E-1C9D-438D-85DB-8535F134890D}.Debug|Win32.Build.0 = Debug|Win32
		{7E09A25E-1C9D-438D-85DB-8535F134890D}.Release|Win32.ActiveCfg = Release|Win32
		{7E09A25E-1C9D-438D-85DB-8535F134890D}.Release|Win32.Build.0 = Release|Win32
		{57BCB0F8-EF4A-4688-9B36-55A8F6DC93BF}.Debug|Win32.ActiveCfg = Debug|Win32
		{57BCB0F8-EF4A-4688-9B36-55A8F6DC93BF}.Debug|Win32.Build.0 = Debug|Win32
		{57BCB0F8-EF4A-4688-9B36-55A8F6DC93BF}.Release|Win32.ActiveCfg = Release|Win32
		{57BCB0F8-EF4A-4688-9B36-55A8F6DC93BF}.Release|Win32.Build.0 = Release|Win32
		{F9485499-151B-4886-935C-7D687C4A0549}.Debug|Win32.ActiveCfg = Debug|Win32
		{F9485499-151B-4886-935C-7D687C4A0549}.Debug|Win32.Build.0 = Debug|Win32
		{F9485499-151B-4886-935C-7D687C4A0549}.Release|Win32.ActiveCfg = Release|Win32
		{F9485499-151B-4886-935C-7D687C4A0549}.Release|Win32.Build.0 = Release|Win32
		{7444A72F-C7C6-4F90-9A62-2D46240B52DB}.Debug|Win32.ActiveCfg = Debug|Win32
		{7444A72F-C7C6-4F90-9A62-2D46240B52DB}.Debug|Win32.Build.0 = Debug|Win32
		{7444A72F-C7C6-4F90-9A62-2D46240B52DB}.Release|Win32.ActiveCfg = Release|Win32
		{7444A72F-C7C6-4F90-9A62-2D46240B52DB}.Release|Win32.Build.0 = Release|Win32
		{B96E942E-39F5-4C7C-97FD-A095DE6847C6}.Debug|Win32.ActiveCfg = Debug|Win32
		{B96E942E-39F5-4C7C-97FD-A095DE6847C6}.Debug|Win32.Build.0 = Debug|Win32
		{B96E942E-39F5-4C7C-97FD-A095DE6847C6}.Release|Win32.ActiveCfg = Release|Win32
		{B96E942E-39F5-4C7C-97FD-A095DE6847C6}.Release|Win32.Build.0 = Release|Win32
		{76B78C5A-6B31-4BA1-9226-F1409B48F839}.Debug|Win32.ActiveCfg = Debug|Win32
		{76B78C5A-6B31-4BA1-9226-F1409B48F839}.Debug|Win32.Build.0 = Debug|Win32
		{76B78C5A-6B31-4BA1-9226-F1409B48F839}.Release|Win32.ActiveCfg = Release|Win32
		{76B78C5A-6B31-4BA1-9226-F1409B48F839}.Release|Win32.Build.0 = Release|Win32
		{F47A26F0-2D57-4A1F-86CF-6E3F82D3E877}.Debug|Win32.ActiveCfg = Debug|Win32
		{F47A26F0-2D57-4A1F-86CF-6E3F82D3E877}.Debug|Win32.Build.0 = Debug|Win32
		{F47A26F0-2D57-4A1F-86CF-6E3F82D3E877}.Release|Win32.ActiveCfg = Release|Win32
		{F47A26F0-2D57-4A1F-86CF-6E3F82D3E877}.Release|Win32.Build.0 = Release|Win32
		{13410A29-B3A6-4F10-8345-39D5293F3D9A}.Debug|Win32.ActiveCfg = Debug|Win32
		{13410A29-B3A6-4F10-8345-39D5293F3D9A}.Debug|Win32.Build.0 = Debug|Win32
		{13410A29-B3A6-4F10-8345-39D5293F3D9A}.Release|Win32.ActiveCfg = Release|Win32
		{13410A29-B3A6-4F10-8345-39D5293F3D9A}.Release|Win32.Build.0 = Release|Win32
		{0BA12B9F-BCD6-4C08-9992-69B4FB32D335}.Debug|Win32.ActiveCfg = Debug|Win32
		{0BA12B9F-BCD6-4C08-9992-69B4FB32D335}.Debug|Win32.Build.0 = Debug|Win32
		{0BA12B9F-BCD6-4C08-9992-69B4FB32D335}.Release|Win32.ActiveCfg = Release|Win32
		{0BA12B9F-BCD6-4C08-9992-69B4FB32D335}.Release|Win32.Build.0 = Release|Win32
		{BB1E28DD-A6B6-4C51-BA0E-CCFE0E10523D}.Debug|Win32.ActiveCfg = Debug|Win32
		{BB1E28DD-A6B6-4C51-BA0E-CCFE0E10523D}.Debug|Win32.Build.0 = Debug|Win32
		{BB1E28DD-A6B6-4C51-BA0E-CCFE0E10523D}.Release|Win32.ActiveCfg = Release|Win32
		{BB1E28DD-A6B6-4C51-BA0E-CCFE0E10523D}.Release|Win32.Build.0 = Release|Win32
	EndGlobalSection
	GlobalSection(SolutionProperties) = preSolution
		HideSolutionNode = FALSE
	EndGlobalSection
EndGlobal
