<?xml version="1.0" encoding="utf-8"?>
<Project ToolsVersion="4.0" xmlns="http://schemas.microsoft.com/developer/msbuild/2003">
  <ItemGroup>
    <Filter Include="Source Files">
      <UniqueIdentifier>{4FC737F1-C7A5-4376-A066-2A32D752A2FF}</UniqueIdentifier>
      <Extensions>cpp;c;cc;cxx;def;odl;idl;hpj;bat;asm;asmx</Extensions>
    </Filter>
    <Filter Include="Header Files">
      <UniqueIdentifier>{93995380-89BD-4b04-88EB-625FBE52EBFB}</UniqueIdentifier>
      <Extensions>h;hpp;hxx;hm;inl;inc;xsd</Extensions>
    </Filter>
  </ItemGroup>
  <ItemGroup>
    <ClCompile Include="rabpst.c">
      <Filter>Source Files</Filter>
    </ClCompile>
    <ClCompile Include="rabadr.c">
      <Filter>Source Files</Filter>
    </ClCompile>
    <ClCompile Include="rabmch.c">
      <Filter>Source Files</Filter>
    </ClCompile>
    <ClCompile Include="..\asxxsrc\asdata.c">
      <Filter>Source Files</Filter>
    </ClCompile>
    <ClCompile Include="..\asxxsrc\asdbg.c">
      <Filter>Source Files</Filter>
    </ClCompile>
    <ClCompile Include="..\asxxsrc\asexpr.c">
      <Filter>Source Files</Filter>
    </ClCompile>
    <ClCompile Include="..\asxxsrc\aslex.c">
      <Filter>Source Files</Filter>
    </ClCompile>
    <ClCompile Include="..\asxxsrc\aslist.c">
      <Filter>Source Files</Filter>
    </ClCompile>
    <ClCompile Include="..\asxxsrc\asmain.c">
      <Filter>Source Files</Filter>
    </ClCompile>
    <ClCompile Include="..\asxxsrc\asout.c">
      <Filter>Source Files</Filter>
    </ClCompile>
    <ClCompile Include="..\asxxsrc\assubr.c">
      <Filter>Source Files</Filter>
    </ClCompile>
    <ClCompile Include="..\asxxsrc\assym.c">
      <Filter>Source Files</Filter>
    </ClCompile>
    <ClCompile Include="..\asxxsrc\sdas.c">
      <Filter>Source Files</Filter>
    </ClCompile>
    <ClCompile Include="..\asxxsrc\strcmpi.c">
      <Filter>Source Files</Filter>
    </ClCompile>
    <ClCompile Include="..\..\support\util\dbuf.c">
      <Filter>Source Files</Filter>
    </ClCompile>
    <ClCompile Include="..\..\support\util\dbuf_string.c">
      <Filter>Source Files</Filter>
    </ClCompile>
    <ClCompile Include="..\asxxsrc\asmcro.c">
      <Filter>Source Files</Filter>
    </ClCompile>
  </ItemGroup>
  <ItemGroup>
    <ClInclude Include="rab.h">
      <Filter>Header Files</Filter>
    </ClInclude>
    <ClInclude Include="..\asxxsrc\asxxxx.h">
      <Filter>Header Files</Filter>
    </ClInclude>
    <ClInclude Include="..\..\support\util\dbuf.h">
      <Filter>Header Files</Filter>
    </ClInclude>
    <ClInclude Include="..\..\support\util\dbuf_string.h">
      <Filter>Header Files</Filter>
    </ClInclude>
    <ClInclude Include="..\asxxsrc\sdas.h">
      <Filter>Header Files</Filter>
    </ClInclude>
    <ClInclude Include="..\..\sdcc_vc.h">
      <Filter>Header Files</Filter>
    </ClInclude>
  </ItemGroup>
</Project>